
Microsoft Visual Studio Solution File, Format Version 12.00
# Visual Studio 15
VisualStudioVersion = 15.0.26430.6
MinimumVisualStudioVersion = 10.0.40219.1
Project("{FAE04EC0-301F-11D3-BF4B-00C04F79EFBC}") = "task01", "task01\task01.csproj", "{AFBB0766-5B0E-4233-A53B-19A530260990}"
EndProject
Project("{FAE04EC0-301F-11D3-BF4B-00C04F79EFBC}") = "task02", "task02\task02.csproj", "{219A5D1B-9A7D-4E0C-B42F-D591A01A61A4}"
EndProject
Project("{FAE04EC0-301F-11D3-BF4B-00C04F79EFBC}") = "task03", "task03\task03.csproj", "{40E7D68E-5CAD-481F-88CB-594CB7078F5E}"
EndProject
Project("{FAE04EC0-301F-11D3-BF4B-00C04F79EFBC}") = "task04", "task04\task04.csproj", "{2F164D1E-029B-48EB-AC7E-4D66DB85BA59}"
EndProject
Project("{FAE04EC0-301F-11D3-BF4B-00C04F79EFBC}") = "tack05", "tack05\tack05.csproj", "{5EECD81B-3ED2-47D6-8007-945E210C4056}"
EndProject
Project("{FAE04EC0-301F-11D3-BF4B-00C04F79EFBC}") = "task06", "task06\task06.csproj", "{DB5CEF74-BC85-492E-BE92-4105D70746C7}"
EndProject
Project("{FAE04EC0-301F-11D3-BF4B-00C04F79EFBC}") = "task07", "task07\task07.csproj", "{76B5D110-9D54-48AC-8266-595A57D70714}"
EndProject
Project("{FAE04EC0-301F-11D3-BF4B-00C04F79EFBC}") = "task08", "task08\task08.csproj", "{D0D227BD-0AA0-4E87-B5EA-C4C7FDEF13F5}"
EndProject
Project("{FAE04EC0-301F-11D3-BF4B-00C04F79EFBC}") = "task09", "task09\task09.csproj", "{74C98FC7-9E1A-417E-BBAF-96D6AFB32DAA}"
EndProject
Project("{FAE04EC0-301F-11D3-BF4B-00C04F79EFBC}") = "task10", "task10\task10.csproj", "{A0097B48-4662-4561-81D9-EBB0F0EB7928}"
EndProject
Project("{FAE04EC0-301F-11D3-BF4B-00C04F79EFBC}") = "task11", "task11\task11.csproj", "{96473953-3DD1-41CC-9BE4-0780AFC869D6}"
EndProject
Global
	GlobalSection(SolutionConfigurationPlatforms) = preSolution
		Debug|Any CPU = Debug|Any CPU
		Release|Any CPU = Release|Any CPU
	EndGlobalSection
	GlobalSection(ProjectConfigurationPlatforms) = postSolution
		{AFBB0766-5B0E-4233-A53B-19A530260990}.Debug|Any CPU.ActiveCfg = Debug|Any CPU
		{AFBB0766-5B0E-4233-A53B-19A530260990}.Debug|Any CPU.Build.0 = Debug|Any CPU
		{AFBB0766-5B0E-4233-A53B-19A530260990}.Release|Any CPU.ActiveCfg = Release|Any CPU
		{AFBB0766-5B0E-4233-A53B-19A530260990}.Release|Any CPU.Build.0 = Release|Any CPU
		{219A5D1B-9A7D-4E0C-B42F-D591A01A61A4}.Debug|Any CPU.ActiveCfg = Debug|Any CPU
		{219A5D1B-9A7D-4E0C-B42F-D591A01A61A4}.Debug|Any CPU.Build.0 = Debug|Any CPU
		{219A5D1B-9A7D-4E0C-B42F-D591A01A61A4}.Release|Any CPU.ActiveCfg = Release|Any CPU
		{219A5D1B-9A7D-4E0C-B42F-D591A01A61A4}.Release|Any CPU.Build.0 = Release|Any CPU
		{40E7D68E-5CAD-481F-88CB-594CB7078F5E}.Debug|Any CPU.ActiveCfg = Debug|Any CPU
		{40E7D68E-5CAD-481F-88CB-594CB7078F5E}.Debug|Any CPU.Build.0 = Debug|Any CPU
		{40E7D68E-5CAD-481F-88CB-594CB7078F5E}.Release|Any CPU.ActiveCfg = Release|Any CPU
		{40E7D68E-5CAD-481F-88CB-594CB7078F5E}.Release|Any CPU.Build.0 = Release|Any CPU
		{2F164D1E-029B-48EB-AC7E-4D66DB85BA59}.Debug|Any CPU.ActiveCfg = Debug|Any CPU
		{2F164D1E-029B-48EB-AC7E-4D66DB85BA59}.Debug|Any CPU.Build.0 = Debug|Any CPU
		{2F164D1E-029B-48EB-AC7E-4D66DB85BA59}.Release|Any CPU.ActiveCfg = Release|Any CPU
		{2F164D1E-029B-48EB-AC7E-4D66DB85BA59}.Release|Any CPU.Build.0 = Release|Any CPU
		{5EECD81B-3ED2-47D6-8007-945E210C4056}.Debug|Any CPU.ActiveCfg = Debug|Any CPU
		{5EECD81B-3ED2-47D6-8007-945E210C4056}.Debug|Any CPU.Build.0 = Debug|Any CPU
		{5EECD81B-3ED2-47D6-8007-945E210C4056}.Release|Any CPU.ActiveCfg = Release|Any CPU
		{5EECD81B-3ED2-47D6-8007-945E210C4056}.Release|Any CPU.Build.0 = Release|Any CPU
		{DB5CEF74-BC85-492E-BE92-4105D70746C7}.Debug|Any CPU.ActiveCfg = Debug|Any CPU
		{DB5CEF74-BC85-492E-BE92-4105D70746C7}.Debug|Any CPU.Build.0 = Debug|Any CPU
		{DB5CEF74-BC85-492E-BE92-4105D70746C7}.Release|Any CPU.ActiveCfg = Release|Any CPU
		{DB5CEF74-BC85-492E-BE92-4105D70746C7}.Release|Any CPU.Build.0 = Release|Any CPU
		{76B5D110-9D54-48AC-8266-595A57D70714}.Debug|Any CPU.ActiveCfg = Debug|Any CPU
		{76B5D110-9D54-48AC-8266-595A57D70714}.Debug|Any CPU.Build.0 = Debug|Any CPU
		{76B5D110-9D54-48AC-8266-595A57D70714}.Release|Any CPU.ActiveCfg = Release|Any CPU
		{76B5D110-9D54-48AC-8266-595A57D70714}.Release|Any CPU.Build.0 = Release|Any CPU
		{D0D227BD-0AA0-4E87-B5EA-C4C7FDEF13F5}.Debug|Any CPU.ActiveCfg = Debug|Any CPU
		{D0D227BD-0AA0-4E87-B5EA-C4C7FDEF13F5}.Debug|Any CPU.Build.0 = Debug|Any CPU
		{D0D227BD-0AA0-4E87-B5EA-C4C7FDEF13F5}.Release|Any CPU.ActiveCfg = Release|Any CPU
		{D0D227BD-0AA0-4E87-B5EA-C4C7FDEF13F5}.Release|Any CPU.Build.0 = Release|Any CPU
		{74C98FC7-9E1A-417E-BBAF-96D6AFB32DAA}.Debug|Any CPU.ActiveCfg = Debug|Any CPU
		{74C98FC7-9E1A-417E-BBAF-96D6AFB32DAA}.Debug|Any CPU.Build.0 = Debug|Any CPU
		{74C98FC7-9E1A-417E-BBAF-96D6AFB32DAA}.Release|Any CPU.ActiveCfg = Release|Any CPU
		{74C98FC7-9E1A-417E-BBAF-96D6AFB32DAA}.Release|Any CPU.Build.0 = Release|Any CPU
		{A0097B48-4662-4561-81D9-EBB0F0EB7928}.Debug|Any CPU.ActiveCfg = Debug|Any CPU
		{A0097B48-4662-4561-81D9-EBB0F0EB7928}.Debug|Any CPU.Build.0 = Debug|Any CPU
		{A0097B48-4662-4561-81D9-EBB0F0EB7928}.Release|Any CPU.ActiveCfg = Release|Any CPU
		{A0097B48-4662-4561-81D9-EBB0F0EB7928}.Release|Any CPU.Build.0 = Release|Any CPU
		{96473953-3DD1-41CC-9BE4-0780AFC869D6}.Debug|Any CPU.ActiveCfg = Debug|Any CPU
		{96473953-3DD1-41CC-9BE4-0780AFC869D6}.Debug|Any CPU.Build.0 = Debug|Any CPU
		{96473953-3DD1-41CC-9BE4-0780AFC869D6}.Release|Any CPU.ActiveCfg = Release|Any CPU
		{96473953-3DD1-41CC-9BE4-0780AFC869D6}.Release|Any CPU.Build.0 = Release|Any CPU
	EndGlobalSection
	GlobalSection(SolutionProperties) = preSolution
		HideSolutionNode = FALSE
	EndGlobalSection
EndGlobal
