
Microsoft Visual Studio Solution File, Format Version 12.00
# Visual Studio 15
VisualStudioVersion = 15.0.26430.6
MinimumVisualStudioVersion = 10.0.40219.1
Project("{FAE04EC0-301F-11D3-BF4B-00C04F79EFBC}") = "01", "ConsoleApp1\01.csproj", "{D1AE9FF7-837B-4488-B0A7-5A158BE59636}"
EndProject
Project("{FAE04EC0-301F-11D3-BF4B-00C04F79EFBC}") = "02", "02\02.csproj", "{BE980247-964A-4734-9246-7AD83602E539}"
EndProject
Project("{FAE04EC0-301F-11D3-BF4B-00C04F79EFBC}") = "03", "03\03.csproj", "{523D033E-C15C-4B11-92E3-7B37A4F56A1F}"
EndProject
Project("{FAE04EC0-301F-11D3-BF4B-00C04F79EFBC}") = "04", "04\04.csproj", "{1E58F141-BAC7-4A52-898E-314C3377F443}"
EndProject
Project("{FAE04EC0-301F-11D3-BF4B-00C04F79EFBC}") = "05", "05\05.csproj", "{5C2B0C0F-A123-4B8E-A355-8758C98C128C}"
EndProject
Project("{FAE04EC0-301F-11D3-BF4B-00C04F79EFBC}") = "06", "06\06.csproj", "{BFC90C54-39BC-4C75-988A-2FDF04260ECA}"
EndProject
Global
	GlobalSection(SolutionConfigurationPlatforms) = preSolution
		Debug|Any CPU = Debug|Any CPU
		Release|Any CPU = Release|Any CPU
	EndGlobalSection
	GlobalSection(ProjectConfigurationPlatforms) = postSolution
		{D1AE9FF7-837B-4488-B0A7-5A158BE59636}.Debug|Any CPU.ActiveCfg = Debug|Any CPU
		{D1AE9FF7-837B-4488-B0A7-5A158BE59636}.Debug|Any CPU.Build.0 = Debug|Any CPU
		{D1AE9FF7-837B-4488-B0A7-5A158BE59636}.Release|Any CPU.ActiveCfg = Release|Any CPU
		{D1AE9FF7-837B-4488-B0A7-5A158BE59636}.Release|Any CPU.Build.0 = Release|Any CPU
		{BE980247-964A-4734-9246-7AD83602E539}.Debug|Any CPU.ActiveCfg = Debug|Any CPU
		{BE980247-964A-4734-9246-7AD83602E539}.Debug|Any CPU.Build.0 = Debug|Any CPU
		{BE980247-964A-4734-9246-7AD83602E539}.Release|Any CPU.ActiveCfg = Release|Any CPU
		{BE980247-964A-4734-9246-7AD83602E539}.Release|Any CPU.Build.0 = Release|Any CPU
		{523D033E-C15C-4B11-92E3-7B37A4F56A1F}.Debug|Any CPU.ActiveCfg = Debug|Any CPU
		{523D033E-C15C-4B11-92E3-7B37A4F56A1F}.Debug|Any CPU.Build.0 = Debug|Any CPU
		{523D033E-C15C-4B11-92E3-7B37A4F56A1F}.Release|Any CPU.ActiveCfg = Release|Any CPU
		{523D033E-C15C-4B11-92E3-7B37A4F56A1F}.Release|Any CPU.Build.0 = Release|Any CPU
		{1E58F141-BAC7-4A52-898E-314C3377F443}.Debug|Any CPU.ActiveCfg = Debug|Any CPU
		{1E58F141-BAC7-4A52-898E-314C3377F443}.Debug|Any CPU.Build.0 = Debug|Any CPU
		{1E58F141-BAC7-4A52-898E-314C3377F443}.Release|Any CPU.ActiveCfg = Release|Any CPU
		{1E58F141-BAC7-4A52-898E-314C3377F443}.Release|Any CPU.Build.0 = Release|Any CPU
		{5C2B0C0F-A123-4B8E-A355-8758C98C128C}.Debug|Any CPU.ActiveCfg = Debug|Any CPU
		{5C2B0C0F-A123-4B8E-A355-8758C98C128C}.Debug|Any CPU.Build.0 = Debug|Any CPU
		{5C2B0C0F-A123-4B8E-A355-8758C98C128C}.Release|Any CPU.ActiveCfg = Release|Any CPU
		{5C2B0C0F-A123-4B8E-A355-8758C98C128C}.Release|Any CPU.Build.0 = Release|Any CPU
		{BFC90C54-39BC-4C75-988A-2FDF04260ECA}.Debug|Any CPU.ActiveCfg = Debug|Any CPU
		{BFC90C54-39BC-4C75-988A-2FDF04260ECA}.Debug|Any CPU.Build.0 = Debug|Any CPU
		{BFC90C54-39BC-4C75-988A-2FDF04260ECA}.Release|Any CPU.ActiveCfg = Release|Any CPU
		{BFC90C54-39BC-4C75-988A-2FDF04260ECA}.Release|Any CPU.Build.0 = Release|Any CPU
	EndGlobalSection
	GlobalSection(SolutionProperties) = preSolution
		HideSolutionNode = FALSE
	EndGlobalSection
EndGlobal
