
Microsoft Visual Studio Solution File, Format Version 12.00
# Visual Studio 15
VisualStudioVersion = 15.0.26430.16
MinimumVisualStudioVersion = 10.0.40219.1
Project("{FAE04EC0-301F-11D3-BF4B-00C04F79EFBC}") = "CardSuit", "CardSuit\CardSuit.csproj", "{4EDC86CA-3B3A-4B3E-92FF-CF15C36A056A}"
EndProject
Global
	GlobalSection(SolutionConfigurationPlatforms) = preSolution
		Debug|Any CPU = Debug|Any CPU
		Release|Any CPU = Release|Any CPU
	EndGlobalSection
	GlobalSection(ProjectConfigurationPlatforms) = postSolution
		{4EDC86CA-3B3A-4B3E-92FF-CF15C36A056A}.Debug|Any CPU.ActiveCfg = Debug|Any CPU
		{4EDC86CA-3B3A-4B3E-92FF-CF15C36A056A}.Debug|Any CPU.Build.0 = Debug|Any CPU
		{4EDC86CA-3B3A-4B3E-92FF-CF15C36A056A}.Release|Any CPU.ActiveCfg = Release|Any CPU
		{4EDC86CA-3B3A-4B3E-92FF-CF15C36A056A}.Release|Any CPU.Build.0 = Release|Any CPU
	EndGlobalSection
	GlobalSection(SolutionProperties) = preSolution
		HideSolutionNode = FALSE
	EndGlobalSection
EndGlobal
