
Microsoft Visual Studio Solution File, Format Version 12.00
# Visual Studio 15
VisualStudioVersion = 15.0.26430.6
MinimumVisualStudioVersion = 10.0.40219.1
Project("{FAE04EC0-301F-11D3-BF4B-00C04F79EFBC}") = "01", "01\01.csproj", "{9779291C-4DBD-4DAC-9BF8-E208CCFBFC19}"
EndProject
Project("{FAE04EC0-301F-11D3-BF4B-00C04F79EFBC}") = "02", "02\02.csproj", "{3266FD0D-2FC4-4DC7-B605-FD5790DF8B94}"
EndProject
Global
	GlobalSection(SolutionConfigurationPlatforms) = preSolution
		Debug|Any CPU = Debug|Any CPU
		Release|Any CPU = Release|Any CPU
	EndGlobalSection
	GlobalSection(ProjectConfigurationPlatforms) = postSolution
		{9779291C-4DBD-4DAC-9BF8-E208CCFBFC19}.Debug|Any CPU.ActiveCfg = Debug|Any CPU
		{9779291C-4DBD-4DAC-9BF8-E208CCFBFC19}.Debug|Any CPU.Build.0 = Debug|Any CPU
		{9779291C-4DBD-4DAC-9BF8-E208CCFBFC19}.Release|Any CPU.ActiveCfg = Release|Any CPU
		{9779291C-4DBD-4DAC-9BF8-E208CCFBFC19}.Release|Any CPU.Build.0 = Release|Any CPU
		{3266FD0D-2FC4-4DC7-B605-FD5790DF8B94}.Debug|Any CPU.ActiveCfg = Debug|Any CPU
		{3266FD0D-2FC4-4DC7-B605-FD5790DF8B94}.Debug|Any CPU.Build.0 = Debug|Any CPU
		{3266FD0D-2FC4-4DC7-B605-FD5790DF8B94}.Release|Any CPU.ActiveCfg = Release|Any CPU
		{3266FD0D-2FC4-4DC7-B605-FD5790DF8B94}.Release|Any CPU.Build.0 = Release|Any CPU
	EndGlobalSection
	GlobalSection(SolutionProperties) = preSolution
		HideSolutionNode = FALSE
	EndGlobalSection
EndGlobal
